
Microsoft Visual Studio Solution File, Format Version 11.00
# Visual Studio 2010
# SharpDevelop 5.1
Project("{FAE04EC0-301F-11D3-BF4B-00C04F79EFBC}") = "FFTrans", "FFTrans\FFTrans.csproj", "{BDB90214-4B81-416F-A831-F656AB5986EC}"
EndProject
Global
	GlobalSection(SolutionConfigurationPlatforms) = preSolution
		Debug|Any CPU = Debug|Any CPU
		Release|Any CPU = Release|Any CPU
	EndGlobalSection
	GlobalSection(ProjectConfigurationPlatforms) = postSolution
		{BDB90214-4B81-416F-A831-F656AB5986EC}.Debug|Any CPU.ActiveCfg = Debug|Any CPU
		{BDB90214-4B81-416F-A831-F656AB5986EC}.Debug|Any CPU.Build.0 = Debug|Any CPU
		{BDB90214-4B81-416F-A831-F656AB5986EC}.Release|Any CPU.ActiveCfg = Release|Any CPU
		{BDB90214-4B81-416F-A831-F656AB5986EC}.Release|Any CPU.Build.0 = Release|Any CPU
	EndGlobalSection
EndGlobal
